
Microsoft Visual Studio Solution File, Format Version 12.00
# Visual Studio Version 18
VisualStudioVersion = 18.0.11217.181 d18.0
MinimumVisualStudioVersion = 10.0.40219.1
Project("{FAE04EC0-301F-11D3-BF4B-00C04F79EFBC}") = "nocscienceat.Aes256GcmRsaCryptoService", "nocscienceat.Aes256GcmRsaCryptoService.csproj", "{B0D94B2D-798C-C71B-3306-FD7E96128856}"
EndProject
Global
	GlobalSection(SolutionConfigurationPlatforms) = preSolution
		Debug|Any CPU = Debug|Any CPU
		Debug|x64 = Debug|x64
		Release|Any CPU = Release|Any CPU
		Release|x64 = Release|x64
	EndGlobalSection
	GlobalSection(ProjectConfigurationPlatforms) = postSolution
		{B0D94B2D-798C-C71B-3306-FD7E96128856}.Debug|Any CPU.ActiveCfg = Debug|Any CPU
		{B0D94B2D-798C-C71B-3306-FD7E96128856}.Debug|Any CPU.Build.0 = Debug|Any CPU
		{B0D94B2D-798C-C71B-3306-FD7E96128856}.Debug|x64.ActiveCfg = Debug|x64
		{B0D94B2D-798C-C71B-3306-FD7E96128856}.Debug|x64.Build.0 = Debug|x64
		{B0D94B2D-798C-C71B-3306-FD7E96128856}.Release|Any CPU.ActiveCfg = Release|Any CPU
		{B0D94B2D-798C-C71B-3306-FD7E96128856}.Release|Any CPU.Build.0 = Release|Any CPU
		{B0D94B2D-798C-C71B-3306-FD7E96128856}.Release|x64.ActiveCfg = Release|x64
		{B0D94B2D-798C-C71B-3306-FD7E96128856}.Release|x64.Build.0 = Release|x64
	EndGlobalSection
	GlobalSection(SolutionProperties) = preSolution
		HideSolutionNode = FALSE
	EndGlobalSection
	GlobalSection(ExtensibilityGlobals) = postSolution
		SolutionGuid = {842EC176-2110-44AF-B677-7555D006BE0E}
	EndGlobalSection
EndGlobal
